
Microsoft Visual Studio Solution File, Format Version 12.00
# Visual Studio Version 16
VisualStudioVersion = 16.0.30128.74
MinimumVisualStudioVersion = 10.0.40219.1
Project("{9A19103F-16F7-4668-BE54-9A1E7A4F7556}") = "Ecole Coranique", "Ecole Coranique\Ecole Coranique.csproj", "{4E08663E-0AA9-4222-BE94-B0B35E3F8F6F}"
EndProject
Project("{FAE04EC0-301F-11D3-BF4B-00C04F79EFBC}") = "Inscription.DA", "Inscription.DA\Inscription.DA.csproj", "{1352CE27-3C92-4D54-A92A-3129B665BE2E}"
EndProject
Project("{FAE04EC0-301F-11D3-BF4B-00C04F79EFBC}") = "Inscription.LAD", "Inscription.LAD\Inscription.LAD.csproj", "{816C5810-66D8-4070-B257-7DD1BCEF50B2}"
EndProject
Project("{2150E333-8FDC-42A3-9474-1A3956D46DE8}") = "Inscription", "Inscription", "{C715DF60-8308-4816-A347-7E98C2778B40}"
EndProject
Project("{FAE04EC0-301F-11D3-BF4B-00C04F79EFBC}") = "Inscription.API", "Inscription.API\Inscription.API.csproj", "{4F84A32C-24FC-4BD0-86FC-58218407B93B}"
EndProject
Project("{2150E333-8FDC-42A3-9474-1A3956D46DE8}") = "Cours", "Cours", "{32ABB3E7-CBD0-46B6-A24D-86EE59503A7B}"
EndProject
Project("{2150E333-8FDC-42A3-9474-1A3956D46DE8}") = "Etudiant", "Etudiant", "{65B5386B-7B78-4D7E-917D-A5C8169BA0FE}"
EndProject
Project("{2150E333-8FDC-42A3-9474-1A3956D46DE8}") = "Evaluation", "Evaluation", "{9E16C1D1-2312-4A5D-A9F5-5A7F65341F11}"
EndProject
Project("{2150E333-8FDC-42A3-9474-1A3956D46DE8}") = "Enseignant", "Enseignant", "{563F3298-ACD3-43DD-99C2-69152E935333}"
EndProject
Project("{2150E333-8FDC-42A3-9474-1A3956D46DE8}") = "Programme", "Programme", "{BC1D5739-59F2-4DA0-9DE2-C3AB6F27712F}"
EndProject
Project("{2150E333-8FDC-42A3-9474-1A3956D46DE8}") = "Classe", "Classe", "{CCB81CCF-6F92-4057-AB46-0193FDA73818}"
EndProject
Project("{2150E333-8FDC-42A3-9474-1A3956D46DE8}") = "Administrateur", "Administrateur", "{7A9E93F5-F846-422D-A79C-8C808317A5CA}"
EndProject
Project("{2150E333-8FDC-42A3-9474-1A3956D46DE8}") = "Commun", "Commun", "{D175F75D-5202-43E4-B341-0B9C61A9844B}"
EndProject
Project("{9A19103F-16F7-4668-BE54-9A1E7A4F7556}") = "Administrateur.API", "ClassLibrary1\Administrateur.API.csproj", "{0C48D6AA-9F7F-4261-B789-D60990F49257}"
EndProject
Project("{FAE04EC0-301F-11D3-BF4B-00C04F79EFBC}") = "Administrateur.DA", "Administrateur.DA\Administrateur.DA.csproj", "{DC060D59-5D42-4B78-9D5C-C48EC7347E63}"
EndProject
Project("{FAE04EC0-301F-11D3-BF4B-00C04F79EFBC}") = "Adminiistrateur.LAD", "Adminiistrateur.LAD\Adminiistrateur.LAD.csproj", "{50B0CAF6-5F33-4C18-8579-F88FCF755562}"
EndProject
Project("{FAE04EC0-301F-11D3-BF4B-00C04F79EFBC}") = "Classe.API", "Classe.API\Classe.API.csproj", "{CE5E545A-1EE3-4DB5-BB1F-19349D7C60B1}"
EndProject
Project("{FAE04EC0-301F-11D3-BF4B-00C04F79EFBC}") = "Classe.DA", "Classe.DA\Classe.DA.csproj", "{4018D1CA-311D-4D24-9975-87218C00E998}"
EndProject
Project("{FAE04EC0-301F-11D3-BF4B-00C04F79EFBC}") = "Classe.LAD", "Classe.LAD\Classe.LAD.csproj", "{3E337088-4464-49D7-BD90-D3D3297D484A}"
EndProject
Project("{FAE04EC0-301F-11D3-BF4B-00C04F79EFBC}") = "Cours.API", "Cours.API\Cours.API.csproj", "{BC2058C8-44F1-4864-B59C-18D1EEE14601}"
EndProject
Project("{FAE04EC0-301F-11D3-BF4B-00C04F79EFBC}") = "Cours.DA", "Cours.DA\Cours.DA.csproj", "{83F5AABF-538B-43FB-B7DB-512C2DE8E579}"
EndProject
Project("{FAE04EC0-301F-11D3-BF4B-00C04F79EFBC}") = "Cours.LAD", "Cours.LAD\Cours.LAD.csproj", "{B8C08DD5-0634-44F3-8BED-CC00CB2ABE92}"
EndProject
Project("{FAE04EC0-301F-11D3-BF4B-00C04F79EFBC}") = "Enseignant.API", "Enseignant.API\Enseignant.API.csproj", "{48CCC652-97BD-4FD4-980E-92DB6FA5AC67}"
EndProject
Project("{FAE04EC0-301F-11D3-BF4B-00C04F79EFBC}") = "Enseignant.DA", "Enseignant.DA\Enseignant.DA.csproj", "{68A4C08B-5FC9-4A4D-8EE6-45221359BFA9}"
EndProject
Project("{FAE04EC0-301F-11D3-BF4B-00C04F79EFBC}") = "Enseignant.LAD", "Enseignant.LAD\Enseignant.LAD.csproj", "{8B39400D-5BB2-4B59-90D0-1BD8CE6FEDE6}"
EndProject
Project("{FAE04EC0-301F-11D3-BF4B-00C04F79EFBC}") = "Etudiant.API", "Etudiant.API\Etudiant.API.csproj", "{79B15D14-1C6C-47C2-AE17-6CEA78BEE069}"
EndProject
Project("{FAE04EC0-301F-11D3-BF4B-00C04F79EFBC}") = "Etudiant.DA", "Etudiant.DA\Etudiant.DA.csproj", "{9573BDF4-F7E7-4072-934D-B7F7FA0A50B8}"
EndProject
Project("{FAE04EC0-301F-11D3-BF4B-00C04F79EFBC}") = "Etudiant.LAD", "Etudiant.LAD\Etudiant.LAD.csproj", "{6CB1BD41-C7E0-4E9A-A8C2-95EFDEA897FA}"
EndProject
Project("{FAE04EC0-301F-11D3-BF4B-00C04F79EFBC}") = "Evaluation.API", "Evaluation.API\Evaluation.API.csproj", "{741F41D8-C8D0-47CB-8E96-19F6F9BAD5D7}"
EndProject
Project("{FAE04EC0-301F-11D3-BF4B-00C04F79EFBC}") = "Evaluation.DA", "Evaluation.DA\Evaluation.DA.csproj", "{71D7BEFA-4FB8-42EF-8A05-13681527824F}"
EndProject
Project("{FAE04EC0-301F-11D3-BF4B-00C04F79EFBC}") = "Evaluation.LAD", "Evaluation.LAD\Evaluation.LAD.csproj", "{E99E2E1E-3A0A-4295-B872-5FEDC9832AB2}"
EndProject
Project("{FAE04EC0-301F-11D3-BF4B-00C04F79EFBC}") = "Programme.API", "Programme.API\Programme.API.csproj", "{15D0B750-1478-43E4-8628-C41C751C52A7}"
EndProject
Project("{FAE04EC0-301F-11D3-BF4B-00C04F79EFBC}") = "Programme.DA", "Programme.DA\Programme.DA.csproj", "{E028BB84-2896-432D-8185-C6D5D8AB7446}"
EndProject
Project("{FAE04EC0-301F-11D3-BF4B-00C04F79EFBC}") = "Programme.LAD", "Programme.LAD\Programme.LAD.csproj", "{11D21203-196B-4E97-AF29-9D619B031A28}"
EndProject
Global
	GlobalSection(SolutionConfigurationPlatforms) = preSolution
		Debug|Any CPU = Debug|Any CPU
		Release|Any CPU = Release|Any CPU
	EndGlobalSection
	GlobalSection(ProjectConfigurationPlatforms) = postSolution
		{4E08663E-0AA9-4222-BE94-B0B35E3F8F6F}.Debug|Any CPU.ActiveCfg = Debug|Any CPU
		{4E08663E-0AA9-4222-BE94-B0B35E3F8F6F}.Debug|Any CPU.Build.0 = Debug|Any CPU
		{4E08663E-0AA9-4222-BE94-B0B35E3F8F6F}.Release|Any CPU.ActiveCfg = Release|Any CPU
		{4E08663E-0AA9-4222-BE94-B0B35E3F8F6F}.Release|Any CPU.Build.0 = Release|Any CPU
		{1352CE27-3C92-4D54-A92A-3129B665BE2E}.Debug|Any CPU.ActiveCfg = Debug|Any CPU
		{1352CE27-3C92-4D54-A92A-3129B665BE2E}.Debug|Any CPU.Build.0 = Debug|Any CPU
		{1352CE27-3C92-4D54-A92A-3129B665BE2E}.Release|Any CPU.ActiveCfg = Release|Any CPU
		{1352CE27-3C92-4D54-A92A-3129B665BE2E}.Release|Any CPU.Build.0 = Release|Any CPU
		{816C5810-66D8-4070-B257-7DD1BCEF50B2}.Debug|Any CPU.ActiveCfg = Debug|Any CPU
		{816C5810-66D8-4070-B257-7DD1BCEF50B2}.Debug|Any CPU.Build.0 = Debug|Any CPU
		{816C5810-66D8-4070-B257-7DD1BCEF50B2}.Release|Any CPU.ActiveCfg = Release|Any CPU
		{816C5810-66D8-4070-B257-7DD1BCEF50B2}.Release|Any CPU.Build.0 = Release|Any CPU
		{4F84A32C-24FC-4BD0-86FC-58218407B93B}.Debug|Any CPU.ActiveCfg = Debug|Any CPU
		{4F84A32C-24FC-4BD0-86FC-58218407B93B}.Debug|Any CPU.Build.0 = Debug|Any CPU
		{4F84A32C-24FC-4BD0-86FC-58218407B93B}.Release|Any CPU.ActiveCfg = Release|Any CPU
		{4F84A32C-24FC-4BD0-86FC-58218407B93B}.Release|Any CPU.Build.0 = Release|Any CPU
		{0C48D6AA-9F7F-4261-B789-D60990F49257}.Debug|Any CPU.ActiveCfg = Debug|Any CPU
		{0C48D6AA-9F7F-4261-B789-D60990F49257}.Debug|Any CPU.Build.0 = Debug|Any CPU
		{0C48D6AA-9F7F-4261-B789-D60990F49257}.Release|Any CPU.ActiveCfg = Release|Any CPU
		{0C48D6AA-9F7F-4261-B789-D60990F49257}.Release|Any CPU.Build.0 = Release|Any CPU
		{DC060D59-5D42-4B78-9D5C-C48EC7347E63}.Debug|Any CPU.ActiveCfg = Debug|Any CPU
		{DC060D59-5D42-4B78-9D5C-C48EC7347E63}.Debug|Any CPU.Build.0 = Debug|Any CPU
		{DC060D59-5D42-4B78-9D5C-C48EC7347E63}.Release|Any CPU.ActiveCfg = Release|Any CPU
		{DC060D59-5D42-4B78-9D5C-C48EC7347E63}.Release|Any CPU.Build.0 = Release|Any CPU
		{50B0CAF6-5F33-4C18-8579-F88FCF755562}.Debug|Any CPU.ActiveCfg = Debug|Any CPU
		{50B0CAF6-5F33-4C18-8579-F88FCF755562}.Debug|Any CPU.Build.0 = Debug|Any CPU
		{50B0CAF6-5F33-4C18-8579-F88FCF755562}.Release|Any CPU.ActiveCfg = Release|Any CPU
		{50B0CAF6-5F33-4C18-8579-F88FCF755562}.Release|Any CPU.Build.0 = Release|Any CPU
		{CE5E545A-1EE3-4DB5-BB1F-19349D7C60B1}.Debug|Any CPU.ActiveCfg = Debug|Any CPU
		{CE5E545A-1EE3-4DB5-BB1F-19349D7C60B1}.Debug|Any CPU.Build.0 = Debug|Any CPU
		{CE5E545A-1EE3-4DB5-BB1F-19349D7C60B1}.Release|Any CPU.ActiveCfg = Release|Any CPU
		{CE5E545A-1EE3-4DB5-BB1F-19349D7C60B1}.Release|Any CPU.Build.0 = Release|Any CPU
		{4018D1CA-311D-4D24-9975-87218C00E998}.Debug|Any CPU.ActiveCfg = Debug|Any CPU
		{4018D1CA-311D-4D24-9975-87218C00E998}.Debug|Any CPU.Build.0 = Debug|Any CPU
		{4018D1CA-311D-4D24-9975-87218C00E998}.Release|Any CPU.ActiveCfg = Release|Any CPU
		{4018D1CA-311D-4D24-9975-87218C00E998}.Release|Any CPU.Build.0 = Release|Any CPU
		{3E337088-4464-49D7-BD90-D3D3297D484A}.Debug|Any CPU.ActiveCfg = Debug|Any CPU
		{3E337088-4464-49D7-BD90-D3D3297D484A}.Debug|Any CPU.Build.0 = Debug|Any CPU
		{3E337088-4464-49D7-BD90-D3D3297D484A}.Release|Any CPU.ActiveCfg = Release|Any CPU
		{3E337088-4464-49D7-BD90-D3D3297D484A}.Release|Any CPU.Build.0 = Release|Any CPU
		{BC2058C8-44F1-4864-B59C-18D1EEE14601}.Debug|Any CPU.ActiveCfg = Debug|Any CPU
		{BC2058C8-44F1-4864-B59C-18D1EEE14601}.Debug|Any CPU.Build.0 = Debug|Any CPU
		{BC2058C8-44F1-4864-B59C-18D1EEE14601}.Release|Any CPU.ActiveCfg = Release|Any CPU
		{BC2058C8-44F1-4864-B59C-18D1EEE14601}.Release|Any CPU.Build.0 = Release|Any CPU
		{83F5AABF-538B-43FB-B7DB-512C2DE8E579}.Debug|Any CPU.ActiveCfg = Debug|Any CPU
		{83F5AABF-538B-43FB-B7DB-512C2DE8E579}.Debug|Any CPU.Build.0 = Debug|Any CPU
		{83F5AABF-538B-43FB-B7DB-512C2DE8E579}.Release|Any CPU.ActiveCfg = Release|Any CPU
		{83F5AABF-538B-43FB-B7DB-512C2DE8E579}.Release|Any CPU.Build.0 = Release|Any CPU
		{B8C08DD5-0634-44F3-8BED-CC00CB2ABE92}.Debug|Any CPU.ActiveCfg = Debug|Any CPU
		{B8C08DD5-0634-44F3-8BED-CC00CB2ABE92}.Debug|Any CPU.Build.0 = Debug|Any CPU
		{B8C08DD5-0634-44F3-8BED-CC00CB2ABE92}.Release|Any CPU.ActiveCfg = Release|Any CPU
		{B8C08DD5-0634-44F3-8BED-CC00CB2ABE92}.Release|Any CPU.Build.0 = Release|Any CPU
		{48CCC652-97BD-4FD4-980E-92DB6FA5AC67}.Debug|Any CPU.ActiveCfg = Debug|Any CPU
		{48CCC652-97BD-4FD4-980E-92DB6FA5AC67}.Debug|Any CPU.Build.0 = Debug|Any CPU
		{48CCC652-97BD-4FD4-980E-92DB6FA5AC67}.Release|Any CPU.ActiveCfg = Release|Any CPU
		{48CCC652-97BD-4FD4-980E-92DB6FA5AC67}.Release|Any CPU.Build.0 = Release|Any CPU
		{68A4C08B-5FC9-4A4D-8EE6-45221359BFA9}.Debug|Any CPU.ActiveCfg = Debug|Any CPU
		{68A4C08B-5FC9-4A4D-8EE6-45221359BFA9}.Debug|Any CPU.Build.0 = Debug|Any CPU
		{68A4C08B-5FC9-4A4D-8EE6-45221359BFA9}.Release|Any CPU.ActiveCfg = Release|Any CPU
		{68A4C08B-5FC9-4A4D-8EE6-45221359BFA9}.Release|Any CPU.Build.0 = Release|Any CPU
		{8B39400D-5BB2-4B59-90D0-1BD8CE6FEDE6}.Debug|Any CPU.ActiveCfg = Debug|Any CPU
		{8B39400D-5BB2-4B59-90D0-1BD8CE6FEDE6}.Debug|Any CPU.Build.0 = Debug|Any CPU
		{8B39400D-5BB2-4B59-90D0-1BD8CE6FEDE6}.Release|Any CPU.ActiveCfg = Release|Any CPU
		{8B39400D-5BB2-4B59-90D0-1BD8CE6FEDE6}.Release|Any CPU.Build.0 = Release|Any CPU
		{79B15D14-1C6C-47C2-AE17-6CEA78BEE069}.Debug|Any CPU.ActiveCfg = Debug|Any CPU
		{79B15D14-1C6C-47C2-AE17-6CEA78BEE069}.Debug|Any CPU.Build.0 = Debug|Any CPU
		{79B15D14-1C6C-47C2-AE17-6CEA78BEE069}.Release|Any CPU.ActiveCfg = Release|Any CPU
		{79B15D14-1C6C-47C2-AE17-6CEA78BEE069}.Release|Any CPU.Build.0 = Release|Any CPU
		{9573BDF4-F7E7-4072-934D-B7F7FA0A50B8}.Debug|Any CPU.ActiveCfg = Debug|Any CPU
		{9573BDF4-F7E7-4072-934D-B7F7FA0A50B8}.Debug|Any CPU.Build.0 = Debug|Any CPU
		{9573BDF4-F7E7-4072-934D-B7F7FA0A50B8}.Release|Any CPU.ActiveCfg = Release|Any CPU
		{9573BDF4-F7E7-4072-934D-B7F7FA0A50B8}.Release|Any CPU.Build.0 = Release|Any CPU
		{6CB1BD41-C7E0-4E9A-A8C2-95EFDEA897FA}.Debug|Any CPU.ActiveCfg = Debug|Any CPU
		{6CB1BD41-C7E0-4E9A-A8C2-95EFDEA897FA}.Debug|Any CPU.Build.0 = Debug|Any CPU
		{6CB1BD41-C7E0-4E9A-A8C2-95EFDEA897FA}.Release|Any CPU.ActiveCfg = Release|Any CPU
		{6CB1BD41-C7E0-4E9A-A8C2-95EFDEA897FA}.Release|Any CPU.Build.0 = Release|Any CPU
		{741F41D8-C8D0-47CB-8E96-19F6F9BAD5D7}.Debug|Any CPU.ActiveCfg = Debug|Any CPU
		{741F41D8-C8D0-47CB-8E96-19F6F9BAD5D7}.Debug|Any CPU.Build.0 = Debug|Any CPU
		{741F41D8-C8D0-47CB-8E96-19F6F9BAD5D7}.Release|Any CPU.ActiveCfg = Release|Any CPU
		{741F41D8-C8D0-47CB-8E96-19F6F9BAD5D7}.Release|Any CPU.Build.0 = Release|Any CPU
		{71D7BEFA-4FB8-42EF-8A05-13681527824F}.Debug|Any CPU.ActiveCfg = Debug|Any CPU
		{71D7BEFA-4FB8-42EF-8A05-13681527824F}.Debug|Any CPU.Build.0 = Debug|Any CPU
		{71D7BEFA-4FB8-42EF-8A05-13681527824F}.Release|Any CPU.ActiveCfg = Release|Any CPU
		{71D7BEFA-4FB8-42EF-8A05-13681527824F}.Release|Any CPU.Build.0 = Release|Any CPU
		{E99E2E1E-3A0A-4295-B872-5FEDC9832AB2}.Debug|Any CPU.ActiveCfg = Debug|Any CPU
		{E99E2E1E-3A0A-4295-B872-5FEDC9832AB2}.Debug|Any CPU.Build.0 = Debug|Any CPU
		{E99E2E1E-3A0A-4295-B872-5FEDC9832AB2}.Release|Any CPU.ActiveCfg = Release|Any CPU
		{E99E2E1E-3A0A-4295-B872-5FEDC9832AB2}.Release|Any CPU.Build.0 = Release|Any CPU
		{15D0B750-1478-43E4-8628-C41C751C52A7}.Debug|Any CPU.ActiveCfg = Debug|Any CPU
		{15D0B750-1478-43E4-8628-C41C751C52A7}.Debug|Any CPU.Build.0 = Debug|Any CPU
		{15D0B750-1478-43E4-8628-C41C751C52A7}.Release|Any CPU.ActiveCfg = Release|Any CPU
		{15D0B750-1478-43E4-8628-C41C751C52A7}.Release|Any CPU.Build.0 = Release|Any CPU
		{E028BB84-2896-432D-8185-C6D5D8AB7446}.Debug|Any CPU.ActiveCfg = Debug|Any CPU
		{E028BB84-2896-432D-8185-C6D5D8AB7446}.Debug|Any CPU.Build.0 = Debug|Any CPU
		{E028BB84-2896-432D-8185-C6D5D8AB7446}.Release|Any CPU.ActiveCfg = Release|Any CPU
		{E028BB84-2896-432D-8185-C6D5D8AB7446}.Release|Any CPU.Build.0 = Release|Any CPU
		{11D21203-196B-4E97-AF29-9D619B031A28}.Debug|Any CPU.ActiveCfg = Debug|Any CPU
		{11D21203-196B-4E97-AF29-9D619B031A28}.Debug|Any CPU.Build.0 = Debug|Any CPU
		{11D21203-196B-4E97-AF29-9D619B031A28}.Release|Any CPU.ActiveCfg = Release|Any CPU
		{11D21203-196B-4E97-AF29-9D619B031A28}.Release|Any CPU.Build.0 = Release|Any CPU
	EndGlobalSection
	GlobalSection(SolutionProperties) = preSolution
		HideSolutionNode = FALSE
	EndGlobalSection
	GlobalSection(NestedProjects) = preSolution
		{1352CE27-3C92-4D54-A92A-3129B665BE2E} = {C715DF60-8308-4816-A347-7E98C2778B40}
		{816C5810-66D8-4070-B257-7DD1BCEF50B2} = {C715DF60-8308-4816-A347-7E98C2778B40}
		{4F84A32C-24FC-4BD0-86FC-58218407B93B} = {C715DF60-8308-4816-A347-7E98C2778B40}
		{0C48D6AA-9F7F-4261-B789-D60990F49257} = {7A9E93F5-F846-422D-A79C-8C808317A5CA}
		{DC060D59-5D42-4B78-9D5C-C48EC7347E63} = {7A9E93F5-F846-422D-A79C-8C808317A5CA}
		{50B0CAF6-5F33-4C18-8579-F88FCF755562} = {7A9E93F5-F846-422D-A79C-8C808317A5CA}
		{CE5E545A-1EE3-4DB5-BB1F-19349D7C60B1} = {CCB81CCF-6F92-4057-AB46-0193FDA73818}
		{4018D1CA-311D-4D24-9975-87218C00E998} = {CCB81CCF-6F92-4057-AB46-0193FDA73818}
		{3E337088-4464-49D7-BD90-D3D3297D484A} = {CCB81CCF-6F92-4057-AB46-0193FDA73818}
		{BC2058C8-44F1-4864-B59C-18D1EEE14601} = {32ABB3E7-CBD0-46B6-A24D-86EE59503A7B}
		{83F5AABF-538B-43FB-B7DB-512C2DE8E579} = {32ABB3E7-CBD0-46B6-A24D-86EE59503A7B}
		{B8C08DD5-0634-44F3-8BED-CC00CB2ABE92} = {32ABB3E7-CBD0-46B6-A24D-86EE59503A7B}
		{48CCC652-97BD-4FD4-980E-92DB6FA5AC67} = {563F3298-ACD3-43DD-99C2-69152E935333}
		{68A4C08B-5FC9-4A4D-8EE6-45221359BFA9} = {563F3298-ACD3-43DD-99C2-69152E935333}
		{8B39400D-5BB2-4B59-90D0-1BD8CE6FEDE6} = {563F3298-ACD3-43DD-99C2-69152E935333}
		{79B15D14-1C6C-47C2-AE17-6CEA78BEE069} = {65B5386B-7B78-4D7E-917D-A5C8169BA0FE}
		{9573BDF4-F7E7-4072-934D-B7F7FA0A50B8} = {65B5386B-7B78-4D7E-917D-A5C8169BA0FE}
		{6CB1BD41-C7E0-4E9A-A8C2-95EFDEA897FA} = {65B5386B-7B78-4D7E-917D-A5C8169BA0FE}
		{741F41D8-C8D0-47CB-8E96-19F6F9BAD5D7} = {9E16C1D1-2312-4A5D-A9F5-5A7F65341F11}
		{71D7BEFA-4FB8-42EF-8A05-13681527824F} = {9E16C1D1-2312-4A5D-A9F5-5A7F65341F11}
		{E99E2E1E-3A0A-4295-B872-5FEDC9832AB2} = {9E16C1D1-2312-4A5D-A9F5-5A7F65341F11}
		{15D0B750-1478-43E4-8628-C41C751C52A7} = {BC1D5739-59F2-4DA0-9DE2-C3AB6F27712F}
		{E028BB84-2896-432D-8185-C6D5D8AB7446} = {BC1D5739-59F2-4DA0-9DE2-C3AB6F27712F}
		{11D21203-196B-4E97-AF29-9D619B031A28} = {BC1D5739-59F2-4DA0-9DE2-C3AB6F27712F}
	EndGlobalSection
	GlobalSection(ExtensibilityGlobals) = postSolution
		SolutionGuid = {3CA1B938-C58A-4966-A192-52AEA006ADAC}
	EndGlobalSection
	GlobalSection(TeamFoundationVersionControl) = preSolution
		SccNumberOfProjects = 2
		SccEnterpriseProvider = {4CA58AB2-18FA-4F8D-95D4-32DDF27D184C}
		SccTeamFoundationServer = https://dev.azure.com/ecolecoraniquebadr
		SccLocalPath0 = .
		SccProjectUniqueName1 = Ecole\u0020Coranique\\Ecole\u0020Coranique.csproj
		SccProjectName1 = Ecole\u0020Coranique
		SccLocalPath1 = Ecole\u0020Coranique
	EndGlobalSection
EndGlobal
